<?xml version="1.0" encoding="utf-8"?>
<Project ToolsVersion="4.0" xmlns="http://schemas.microsoft.com/developer/msbuild/2003">
  <ItemGroup>
    <ClCompile Include="Alien.cpp" />
    <ClCompile Include="AlienGenerator.cpp" />
    <ClCompile Include="Back.cpp" />
    <ClCompile Include="Beam.cpp" />
    <ClCompile Include="BeamGenerator.cpp" />
    <ClCompile Include="BlackHole.cpp" />
    <ClCompile Include="BlackHoleGenerator.cpp" />
    <ClCompile Include="BreakStar.cpp" />
    <ClCompile Include="BreakStarGenerator.cpp" />
    <ClCompile Include="Cursor.cpp" />
    <ClCompile Include="FragmentGenerator.cpp" />
    <ClCompile Include="GameInit.cpp" />
    <ClCompile Include="Gas.cpp" />
    <ClCompile Include="Jupitor.cpp" />
    <ClCompile Include="Meteo.cpp" />
    <ClCompile Include="MeteoGenerator.cpp" />
    <ClCompile Include="MyGame\My\Animation.cpp" />
    <ClCompile Include="MyGame\My\My.cpp" />
    <ClCompile Include="MyGame\TaskBase.cpp" />
    <ClCompile Include="MyWinMain.cpp" />
    <ClCompile Include="Neptune.cpp" />
    <ClCompile Include="Player.cpp" />
    <ClCompile Include="Result.cpp" />
    <ClCompile Include="StageManager.cpp" />
    <ClCompile Include="StageSelect.cpp" />
    <ClCompile Include="StageSelectObjAsteroid.cpp" />
    <ClCompile Include="StageSelectObjBH.cpp" />
    <ClCompile Include="StageSelectObjEarth.cpp" />
    <ClCompile Include="StageSelectObjGalaxy.cpp" />
    <ClCompile Include="StageSelectObjUS.cpp" />
    <ClCompile Include="StarGenerator.cpp" />
    <ClCompile Include="Saturn.cpp" />
    <ClCompile Include="Title.cpp" />
    <ClCompile Include="WinProg.cpp" />
    <ClCompile Include="Star.cpp" />
    <ClCompile Include="Hukidasi.cpp" />
    <ClCompile Include="Eff1.cpp" />
    <ClCompile Include="StagePicture.cpp" />
    <ClCompile Include="Stage.cpp" />
    <ClCompile Include="FadeInOut.cpp" />
    <ClCompile Include="Rail.cpp" />
    <ClCompile Include="StageLoad.cpp" />
    <ClCompile Include="Tutorial.cpp" />
    <ClCompile Include="MyGame\My\CADAM.cpp" />
    <ClCompile Include="Fragment.cpp" />
    <ClCompile Include="JecLogo.cpp" />
    <ClCompile Include="Demo.cpp" />
    <ClCompile Include="MiniGame.cpp" />
    <ClCompile Include="Tips.cpp" />
    <ClCompile Include="TimeAttack.cpp" />
    <ClCompile Include="StageSelectIcon.cpp" />
  </ItemGroup>
  <ItemGroup>
    <ClInclude Include="Alien.h" />
    <ClInclude Include="AlienGenerator.h" />
    <ClInclude Include="Back.h" />
    <ClInclude Include="Beam.h" />
    <ClInclude Include="BeamGenerator.h" />
    <ClInclude Include="BlackHole.h" />
    <ClInclude Include="BlackHoleGenerator.h" />
    <ClInclude Include="BreakStar.h" />
    <ClInclude Include="BreakStarGenerator.h" />
    <ClInclude Include="Cursor.h" />
    <ClInclude Include="Eff1.h" />
    <ClInclude Include="Effect.h" />
    <ClInclude Include="FragmentGenerator.h" />
    <ClInclude Include="GameInit.h" />
    <ClInclude Include="Gas.h" />
    <ClInclude Include="Jupitor.h" />
    <ClInclude Include="Meteo.h" />
    <ClInclude Include="MeteoGenerator.h" />
    <ClInclude Include="MyGame\MyApp.h" />
    <ClInclude Include="MyGame\My\Animation.h" />
    <ClInclude Include="MyGame\My\FixedPoint.h" />
    <ClInclude Include="MyGame\My\My.h" />
    <ClInclude Include="MyGame\TaskBase.h" />
    <ClInclude Include="Neptune.h" />
    <ClInclude Include="Player.h" />
    <ClInclude Include="resource.h" />
    <ClInclude Include="Result.h" />
    <ClInclude Include="StageLoad.h" />
    <ClInclude Include="StageManager.h" />
    <ClInclude Include="StageSelect.h" />
    <ClInclude Include="StageSelectObjAsteroid.h" />
    <ClInclude Include="StageSelectObjBH.h" />
    <ClInclude Include="StageSelectObjEarth.h" />
    <ClInclude Include="StageSelectObjGalaxy.h" />
    <ClInclude Include="StageSelectObjUS.h" />
    <ClInclude Include="Star.h" />
    <ClInclude Include="StarGenerator.h" />
    <ClInclude Include="Saturn.h" />
    <ClInclude Include="Title.h" />
    <ClInclude Include="Hukidasi.h" />
    <ClInclude Include="StagePicture.h" />
    <ClInclude Include="Stage.h" />
    <ClInclude Include="FadeInOut.h" />
    <ClInclude Include="Rail.h" />
    <ClInclude Include="Tutorial.h" />
    <ClInclude Include="MyGame\My\CADAM.h" />
    <ClInclude Include="MyGame\My\Move.h" />
    <ClInclude Include="MyGame\My\Debug.h" />
    <ClInclude Include="Stop.h" />
    <ClInclude Include="PadMove.h" />
    <ClInclude Include="KeyMove.h" />
    <ClInclude Include="MyGame\My\Stream.h" />
    <ClInclude Include="MyGame\My\EventMsg.h" />
    <ClInclude Include="MyGame\My\MciScript.h" />
    <ClInclude Include="MyGame\My\MciWnd.h" />
    <ClInclude Include="MyGame\My\DShow.h" />
    <ClInclude Include="Fragment.h" />
    <ClInclude Include="JecLogo.h" />
    <ClInclude Include="Demo.h" />
    <ClInclude Include="MiniGame.h" />
    <ClInclude Include="TimeAttack.h" />
    <ClInclude Include="Tips.h" />
    <ClInclude Include="StageSelectIcon.h" />
  </ItemGroup>
  <ItemGroup>
    <ResourceCompile Include="☆い.rc" />
  </ItemGroup>
  <ItemGroup>
    <Image Include="hosii.ico" />
  </ItemGroup>
</Project>